// !$*UTF8*$!
{
	archiveVersion = 1;
	classes = {
	};
	objectVersion = 50;
	objects = {

/* Begin PBXBuildFile section */
		8BBBEDA624DC26C7009260D5 /* OrderView.swift in Sources */ = {isa = PBXBuildFile; fileRef = 8BBBEDA524DC26C7009260D5 /* OrderView.swift */; };
		8BBBEDA824DC2A1A009260D5 /* AppView.swift in Sources */ = {isa = PBXBuildFile; fileRef = 8BBBEDA724DC2A1A009260D5 /* AppView.swift */; };
		8BBBEDAA24DC2C58009260D5 /* CheckoutView.swift in Sources */ = {isa = PBXBuildFile; fileRef = 8BBBEDA924DC2C58009260D5 /* CheckoutView.swift */; };
		8BEF067924DBF8B600151E9F /* AppDelegate.swift in Sources */ = {isa = PBXBuildFile; fileRef = 8BEF067824DBF8B600151E9F /* AppDelegate.swift */; };
		8BEF067B24DBF8B600151E9F /* SceneDelegate.swift in Sources */ = {isa = PBXBuildFile; fileRef = 8BEF067A24DBF8B600151E9F /* SceneDelegate.swift */; };
		8BEF067D24DBF8B600151E9F /* ContentView.swift in Sources */ = {isa = PBXBuildFile; fileRef = 8BEF067C24DBF8B600151E9F /* ContentView.swift */; };
		8BEF067F24DBF8B700151E9F /* Assets.xcassets in Resources */ = {isa = PBXBuildFile; fileRef = 8BEF067E24DBF8B700151E9F /* Assets.xcassets */; };
		8BEF068224DBF8B700151E9F /* Preview Assets.xcassets in Resources */ = {isa = PBXBuildFile; fileRef = 8BEF068124DBF8B700151E9F /* Preview Assets.xcassets */; };
		8BEF068524DBF8B700151E9F /* LaunchScreen.storyboard in Resources */ = {isa = PBXBuildFile; fileRef = 8BEF068324DBF8B700151E9F /* LaunchScreen.storyboard */; };
		8BEF068D24DBF94D00151E9F /* Helper.swift in Sources */ = {isa = PBXBuildFile; fileRef = 8BEF068C24DBF94D00151E9F /* Helper.swift */; };
		8BEF069024DBFD8100151E9F /* Order.swift in Sources */ = {isa = PBXBuildFile; fileRef = 8BEF068E24DBFD8100151E9F /* Order.swift */; };
		8BEF069124DBFD8100151E9F /* Menu.swift in Sources */ = {isa = PBXBuildFile; fileRef = 8BEF068F24DBFD8100151E9F /* Menu.swift */; };
		8BEF069324DBFE4500151E9F /* menu.json in Resources */ = {isa = PBXBuildFile; fileRef = 8BEF069224DBFE4500151E9F /* menu.json */; };
		8BEF069524DC042E00151E9F /* ItemRow.swift in Sources */ = {isa = PBXBuildFile; fileRef = 8BEF069424DC042E00151E9F /* ItemRow.swift */; };
		8BEF069724DC17BB00151E9F /* ItemDetail.swift in Sources */ = {isa = PBXBuildFile; fileRef = 8BEF069624DC17BB00151E9F /* ItemDetail.swift */; };
/* End PBXBuildFile section */

/* Begin PBXFileReference section */
		8BBBEDA524DC26C7009260D5 /* OrderView.swift */ = {isa = PBXFileReference; lastKnownFileType = sourcecode.swift; path = OrderView.swift; sourceTree = "<group>"; };
		8BBBEDA724DC2A1A009260D5 /* AppView.swift */ = {isa = PBXFileReference; lastKnownFileType = sourcecode.swift; path = AppView.swift; sourceTree = "<group>"; };
		8BBBEDA924DC2C58009260D5 /* CheckoutView.swift */ = {isa = PBXFileReference; lastKnownFileType = sourcecode.swift; path = CheckoutView.swift; sourceTree = "<group>"; };
		8BEF067524DBF8B600151E9F /* iDine.app */ = {isa = PBXFileReference; explicitFileType = wrapper.application; includeInIndex = 0; path = iDine.app; sourceTree = BUILT_PRODUCTS_DIR; };
		8BEF067824DBF8B600151E9F /* AppDelegate.swift */ = {isa = PBXFileReference; lastKnownFileType = sourcecode.swift; path = AppDelegate.swift; sourceTree = "<group>"; };
		8BEF067A24DBF8B600151E9F /* SceneDelegate.swift */ = {isa = PBXFileReference; lastKnownFileType = sourcecode.swift; path = SceneDelegate.swift; sourceTree = "<group>"; };
		8BEF067C24DBF8B600151E9F /* ContentView.swift */ = {isa = PBXFileReference; lastKnownFileType = sourcecode.swift; path = ContentView.swift; sourceTree = "<group>"; };
		8BEF067E24DBF8B700151E9F /* Assets.xcassets */ = {isa = PBXFileReference; lastKnownFileType = folder.assetcatalog; path = Assets.xcassets; sourceTree = "<group>"; };
		8BEF068124DBF8B700151E9F /* Preview Assets.xcassets */ = {isa = PBXFileReference; lastKnownFileType = folder.assetcatalog; path = "Preview Assets.xcassets"; sourceTree = "<group>"; };
		8BEF068424DBF8B700151E9F /* Base */ = {isa = PBXFileReference; lastKnownFileType = file.storyboard; name = Base; path = Base.lproj/LaunchScreen.storyboard; sourceTree = "<group>"; };
		8BEF068624DBF8B700151E9F /* Info.plist */ = {isa = PBXFileReference; lastKnownFileType = text.plist.xml; path = Info.plist; sourceTree = "<group>"; };
		8BEF068C24DBF94D00151E9F /* Helper.swift */ = {isa = PBXFileReference; fileEncoding = 4; lastKnownFileType = sourcecode.swift; path = Helper.swift; sourceTree = "<group>"; };
		8BEF068E24DBFD8100151E9F /* Order.swift */ = {isa = PBXFileReference; fileEncoding = 4; lastKnownFileType = sourcecode.swift; path = Order.swift; sourceTree = "<group>"; };
		8BEF068F24DBFD8100151E9F /* Menu.swift */ = {isa = PBXFileReference; fileEncoding = 4; lastKnownFileType = sourcecode.swift; path = Menu.swift; sourceTree = "<group>"; };
		8BEF069224DBFE4500151E9F /* menu.json */ = {isa = PBXFileReference; fileEncoding = 4; lastKnownFileType = text.json; path = menu.json; sourceTree = "<group>"; };
		8BEF069424DC042E00151E9F /* ItemRow.swift */ = {isa = PBXFileReference; lastKnownFileType = sourcecode.swift; path = ItemRow.swift; sourceTree = "<group>"; };
		8BEF069624DC17BB00151E9F /* ItemDetail.swift */ = {isa = PBXFileReference; lastKnownFileType = sourcecode.swift; path = ItemDetail.swift; sourceTree = "<group>"; };
/* End PBXFileReference section */

/* Begin PBXFrameworksBuildPhase section */
		8BEF067224DBF8B600151E9F /* Frameworks */ = {
			isa = PBXFrameworksBuildPhase;
			buildActionMask = 2147483647;
			files = (
			);
			runOnlyForDeploymentPostprocessing = 0;
		};
/* End PBXFrameworksBuildPhase section */

/* Begin PBXGroup section */
		8BEF066C24DBF8B600151E9F = {
			isa = PBXGroup;
			children = (
				8BEF067724DBF8B600151E9F /* iDine */,
				8BEF067624DBF8B600151E9F /* Products */,
			);
			sourceTree = "<group>";
		};
		8BEF067624DBF8B600151E9F /* Products */ = {
			isa = PBXGroup;
			children = (
				8BEF067524DBF8B600151E9F /* iDine.app */,
			);
			name = Products;
			sourceTree = "<group>";
		};
		8BEF067724DBF8B600151E9F /* iDine */ = {
			isa = PBXGroup;
			children = (
				8BEF067824DBF8B600151E9F /* AppDelegate.swift */,
				8BEF067A24DBF8B600151E9F /* SceneDelegate.swift */,
				8BEF067C24DBF8B600151E9F /* ContentView.swift */,
				8BEF069424DC042E00151E9F /* ItemRow.swift */,
				8BEF069624DC17BB00151E9F /* ItemDetail.swift */,
				8BBBEDA724DC2A1A009260D5 /* AppView.swift */,
				8BBBEDA924DC2C58009260D5 /* CheckoutView.swift */,
				8BBBEDA524DC26C7009260D5 /* OrderView.swift */,
				8BEF068C24DBF94D00151E9F /* Helper.swift */,
				8BEF068F24DBFD8100151E9F /* Menu.swift */,
				8BEF068E24DBFD8100151E9F /* Order.swift */,
				8BEF069224DBFE4500151E9F /* menu.json */,
				8BEF067E24DBF8B700151E9F /* Assets.xcassets */,
				8BEF068324DBF8B700151E9F /* LaunchScreen.storyboard */,
				8BEF068624DBF8B700151E9F /* Info.plist */,
				8BEF068024DBF8B700151E9F /* Preview Content */,
			);
			path = iDine;
			sourceTree = "<group>";
		};
		8BEF068024DBF8B700151E9F /* Preview Content */ = {
			isa = PBXGroup;
			children = (
				8BEF068124DBF8B700151E9F /* Preview Assets.xcassets */,
			);
			path = "Preview Content";
			sourceTree = "<group>";
		};
/* End PBXGroup section */

/* Begin PBXNativeTarget section */
		8BEF067424DBF8B600151E9F /* iDine */ = {
			isa = PBXNativeTarget;
			buildConfigurationList = 8BEF068924DBF8B700151E9F /* Build configuration list for PBXNativeTarget "iDine" */;
			buildPhases = (
				8BEF067124DBF8B600151E9F /* Sources */,
				8BEF067224DBF8B600151E9F /* Frameworks */,
				8BEF067324DBF8B600151E9F /* Resources */,
			);
			buildRules = (
			);
			dependencies = (
			);
			name = iDine;
			productName = iDine;
			productReference = 8BEF067524DBF8B600151E9F /* iDine.app */;
			productType = "com.apple.product-type.application";
		};
/* End PBXNativeTarget section */

/* Begin PBXProject section */
		8BEF066D24DBF8B600151E9F /* Project object */ = {
			isa = PBXProject;
			attributes = {
				LastSwiftUpdateCheck = 1160;
				LastUpgradeCheck = 1160;
				ORGANIZATIONNAME = "anurak teerarattananukulchai";
				TargetAttributes = {
					8BEF067424DBF8B600151E9F = {
						CreatedOnToolsVersion = 11.6;
					};
				};
			};
			buildConfigurationList = 8BEF067024DBF8B600151E9F /* Build configuration list for PBXProject "iDine" */;
			compatibilityVersion = "Xcode 9.3";
			developmentRegion = en;
			hasScannedForEncodings = 0;
			knownRegions = (
				en,
				Base,
			);
			mainGroup = 8BEF066C24DBF8B600151E9F;
			productRefGroup = 8BEF067624DBF8B600151E9F /* Products */;
			projectDirPath = "";
			projectRoot = "";
			targets = (
				8BEF067424DBF8B600151E9F /* iDine */,
			);
		};
/* End PBXProject section */

/* Begin PBXResourcesBuildPhase section */
		8BEF067324DBF8B600151E9F /* Resources */ = {
			isa = PBXResourcesBuildPhase;
			buildActionMask = 2147483647;
			files = (
				8BEF068524DBF8B700151E9F /* LaunchScreen.storyboard in Resources */,
				8BEF068224DBF8B700151E9F /* Preview Assets.xcassets in Resources */,
				8BEF069324DBFE4500151E9F /* menu.json in Resources */,
				8BEF067F24DBF8B700151E9F /* Assets.xcassets in Resources */,
			);
			runOnlyForDeploymentPostprocessing = 0;
		};
/* End PBXResourcesBuildPhase section */

/* Begin PBXSourcesBuildPhase section */
		8BEF067124DBF8B600151E9F /* Sources */ = {
			isa = PBXSourcesBuildPhase;
			buildActionMask = 2147483647;
			files = (
				8BBBEDA824DC2A1A009260D5 /* AppView.swift in Sources */,
				8BBBEDAA24DC2C58009260D5 /* CheckoutView.swift in Sources */,
				8BEF069124DBFD8100151E9F /* Menu.swift in Sources */,
				8BEF067924DBF8B600151E9F /* AppDelegate.swift in Sources */,
				8BEF067B24DBF8B600151E9F /* SceneDelegate.swift in Sources */,
				8BEF069524DC042E00151E9F /* ItemRow.swift in Sources */,
				8BEF069024DBFD8100151E9F /* Order.swift in Sources */,
				8BEF069724DC17BB00151E9F /* ItemDetail.swift in Sources */,
				8BBBEDA624DC26C7009260D5 /* OrderView.swift in Sources */,
				8BEF067D24DBF8B600151E9F /* ContentView.swift in Sources */,
				8BEF068D24DBF94D00151E9F /* Helper.swift in Sources */,
			);
			runOnlyForDeploymentPostprocessing = 0;
		};
/* End PBXSourcesBuildPhase section */

/* Begin PBXVariantGroup section */
		8BEF068324DBF8B700151E9F /* LaunchScreen.storyboard */ = {
			isa = PBXVariantGroup;
			children = (
				8BEF068424DBF8B700151E9F /* Base */,
			);
			name = LaunchScreen.storyboard;
			sourceTree = "<group>";
		};
/* End PBXVariantGroup section */

/* Begin XCBuildConfiguration section */
		8BEF068724DBF8B700151E9F /* Debug */ = {
			isa = XCBuildConfiguration;
			buildSettings = {
				ALWAYS_SEARCH_USER_PATHS = NO;
				CLANG_ANALYZER_NONNULL = YES;
				CLANG_ANALYZER_NUMBER_OBJECT_CONVERSION = YES_AGGRESSIVE;
				CLANG_CXX_LANGUAGE_STANDARD = "gnu++14";
				CLANG_CXX_LIBRARY = "libc++";
				CLANG_ENABLE_MODULES = YES;
				CLANG_ENABLE_OBJC_ARC = YES;
				CLANG_ENABLE_OBJC_WEAK = YES;
				CLANG_WARN_BLOCK_CAPTURE_AUTORELEASING = YES;
				CLANG_WARN_BOOL_CONVERSION = YES;
				CLANG_WARN_COMMA = YES;
				CLANG_WARN_CONSTANT_CONVERSION = YES;
				CLANG_WARN_DEPRECATED_OBJC_IMPLEMENTATIONS = YES;
				CLANG_WARN_DIRECT_OBJC_ISA_USAGE = YES_ERROR;
				CLANG_WARN_DOCUMENTATION_COMMENTS = YES;
				CLANG_WARN_EMPTY_BODY = YES;
				CLANG_WARN_ENUM_CONVERSION = YES;
				CLANG_WARN_INFINITE_RECURSION = YES;
				CLANG_WARN_INT_CONVERSION = YES;
				CLANG_WARN_NON_LITERAL_NULL_CONVERSION = YES;
				CLANG_WARN_OBJC_IMPLICIT_RETAIN_SELF = YES;
				CLANG_WARN_OBJC_LITERAL_CONVERSION = YES;
				CLANG_WARN_OBJC_ROOT_CLASS = YES_ERROR;
				CLANG_WARN_RANGE_LOOP_ANALYSIS = YES;
				CLANG_WARN_STRICT_PROTOTYPES = YES;
				CLANG_WARN_SUSPICIOUS_MOVE = YES;
				CLANG_WARN_UNGUARDED_AVAILABILITY = YES_AGGRESSIVE;
				CLANG_WARN_UNREACHABLE_CODE = YES;
				CLANG_WARN__DUPLICATE_METHOD_MATCH = YES;
				COPY_PHASE_STRIP = NO;
				DEBUG_INFORMATION_FORMAT = dwarf;
				ENABLE_STRICT_OBJC_MSGSEND = YES;
				ENABLE_TESTABILITY = YES;
				GCC_C_LANGUAGE_STANDARD = gnu11;
				GCC_DYNAMIC_NO_PIC = NO;
				GCC_NO_COMMON_BLOCKS = YES;
				GCC_OPTIMIZATION_LEVEL = 0;
				GCC_PREPROCESSOR_DEFINITIONS = (
					"DEBUG=1",
					"$(inherited)",
				);
				GCC_WARN_64_TO_32_BIT_CONVERSION = YES;
				GCC_WARN_ABOUT_RETURN_TYPE = YES_ERROR;
				GCC_WARN_UNDECLARED_SELECTOR = YES;
				GCC_WARN_UNINITIALIZED_AUTOS = YES_AGGRESSIVE;
				GCC_WARN_UNUSED_FUNCTION = YES;
				GCC_WARN_UNUSED_VARIABLE = YES;
				IPHONEOS_DEPLOYMENT_TARGET = 13.6;
				MTL_ENABLE_DEBUG_INFO = INCLUDE_SOURCE;
				MTL_FAST_MATH = YES;
				ONLY_ACTIVE_ARCH = YES;
				SDKROOT = iphoneos;
				SWIFT_ACTIVE_COMPILATION_CONDITIONS = DEBUG;
				SWIFT_OPTIMIZATION_LEVEL = "-Onone";
			};
			name = Debug;
		};
		8BEF068824DBF8B700151E9F /* Release */ = {
			isa = XCBuildConfiguration;
			buildSettings = {
				ALWAYS_SEARCH_USER_PATHS = NO;
				CLANG_ANALYZER_NONNULL = YES;
				CLANG_ANALYZER_NUMBER_OBJECT_CONVERSION = YES_AGGRESSIVE;
				CLANG_CXX_LANGUAGE_STANDARD = "gnu++14";
				CLANG_CXX_LIBRARY = "libc++";
				CLANG_ENABLE_MODULES = YES;
				CLANG_ENABLE_OBJC_ARC = YES;
				CLANG_ENABLE_OBJC_WEAK = YES;
				CLANG_WARN_BLOCK_CAPTURE_AUTORELEASING = YES;
				CLANG_WARN_BOOL_CONVERSION = YES;
				CLANG_WARN_COMMA = YES;
				CLANG_WARN_CONSTANT_CONVERSION = YES;
				CLANG_WARN_DEPRECATED_OBJC_IMPLEMENTATIONS = YES;
				CLANG_WARN_DIRECT_OBJC_ISA_USAGE = YES_ERROR;
				CLANG_WARN_DOCUMENTATION_COMMENTS = YES;
				CLANG_WARN_EMPTY_BODY = YES;
				CLANG_WARN_ENUM_CONVERSION = YES;
				CLANG_WARN_INFINITE_RECURSION = YES;
				CLANG_WARN_INT_CONVERSION = YES;
				CLANG_WARN_NON_LITERAL_NULL_CONVERSION = YES;
				CLANG_WARN_OBJC_IMPLICIT_RETAIN_SELF = YES;
				CLANG_WARN_OBJC_LITERAL_CONVERSION = YES;
				CLANG_WARN_OBJC_ROOT_CLASS = YES_ERROR;
				CLANG_WARN_RANGE_LOOP_ANALYSIS = YES;
				CLANG_WARN_STRICT_PROTOTYPES = YES;
				CLANG_WARN_SUSPICIOUS_MOVE = YES;
				CLANG_WARN_UNGUARDED_AVAILABILITY = YES_AGGRESSIVE;
				CLANG_WARN_UNREACHABLE_CODE = YES;
				CLANG_WARN__DUPLICATE_METHOD_MATCH = YES;
				COPY_PHASE_STRIP = NO;
				DEBUG_INFORMATION_FORMAT = "dwarf-with-dsym";
				ENABLE_NS_ASSERTIONS = NO;
				ENABLE_STRICT_OBJC_MSGSEND = YES;
				GCC_C_LANGUAGE_STANDARD = gnu11;
				GCC_NO_COMMON_BLOCKS = YES;
				GCC_WARN_64_TO_32_BIT_CONVERSION = YES;
				GCC_WARN_ABOUT_RETURN_TYPE = YES_ERROR;
				GCC_WARN_UNDECLARED_SELECTOR = YES;
				GCC_WARN_UNINITIALIZED_AUTOS = YES_AGGRESSIVE;
				GCC_WARN_UNUSED_FUNCTION = YES;
				GCC_WARN_UNUSED_VARIABLE = YES;
				IPHONEOS_DEPLOYMENT_TARGET = 13.6;
				MTL_ENABLE_DEBUG_INFO = NO;
				MTL_FAST_MATH = YES;
				SDKROOT = iphoneos;
				SWIFT_COMPILATION_MODE = wholemodule;
				SWIFT_OPTIMIZATION_LEVEL = "-O";
				VALIDATE_PRODUCT = YES;
			};
			name = Release;
		};
		8BEF068A24DBF8B700151E9F /* Debug */ = {
			isa = XCBuildConfiguration;
			buildSettings = {
				ASSETCATALOG_COMPILER_APPICON_NAME = AppIcon;
				CODE_SIGN_STYLE = Automatic;
				DEVELOPMENT_ASSET_PATHS = "\"iDine/Preview Content\"";
				DEVELOPMENT_TEAM = PX8X39CT9Y;
				ENABLE_PREVIEWS = YES;
				INFOPLIST_FILE = iDine/Info.plist;
				LD_RUNPATH_SEARCH_PATHS = (
					"$(inherited)",
					"@executable_path/Frameworks",
				);
				PRODUCT_BUNDLE_IDENTIFIER = "com.gmail-teera.anurak.iDine";
				PRODUCT_NAME = "$(TARGET_NAME)";
				SWIFT_VERSION = 5.0;
				TARGETED_DEVICE_FAMILY = "1,2";
			};
			name = Debug;
		};
		8BEF068B24DBF8B700151E9F /* Release */ = {
			isa = XCBuildConfiguration;
			buildSettings = {
				ASSETCATALOG_COMPILER_APPICON_NAME = AppIcon;
				CODE_SIGN_STYLE = Automatic;
				DEVELOPMENT_ASSET_PATHS = "\"iDine/Preview Content\"";
				DEVELOPMENT_TEAM = PX8X39CT9Y;
				ENABLE_PREVIEWS = YES;
				INFOPLIST_FILE = iDine/Info.plist;
				LD_RUNPATH_SEARCH_PATHS = (
					"$(inherited)",
					"@executable_path/Frameworks",
				);
				PRODUCT_BUNDLE_IDENTIFIER = "com.gmail-teera.anurak.iDine";
				PRODUCT_NAME = "$(TARGET_NAME)";
				SWIFT_VERSION = 5.0;
				TARGETED_DEVICE_FAMILY = "1,2";
			};
			name = Release;
		};
/* End XCBuildConfiguration section */

/* Begin XCConfigurationList section */
		8BEF067024DBF8B600151E9F /* Build configuration list for PBXProject "iDine" */ = {
			isa = XCConfigurationList;
			buildConfigurations = (
				8BEF068724DBF8B700151E9F /* Debug */,
				8BEF068824DBF8B700151E9F /* Release */,
			);
			defaultConfigurationIsVisible = 0;
			defaultConfigurationName = Release;
		};
		8BEF068924DBF8B700151E9F /* Build configuration list for PBXNativeTarget "iDine" */ = {
			isa = XCConfigurationList;
			buildConfigurations = (
				8BEF068A24DBF8B700151E9F /* Debug */,
				8BEF068B24DBF8B700151E9F /* Release */,
			);
			defaultConfigurationIsVisible = 0;
			defaultConfigurationName = Release;
		};
/* End XCConfigurationList section */
	};
	rootObject = 8BEF066D24DBF8B600151E9F /* Project object */;
}
